
Microsoft Visual Studio Solution File, Format Version 12.00
# Visual Studio Version 17
VisualStudioVersion = 17.9.34723.18
MinimumVisualStudioVersion = 10.0.40219.1
Project("{FAE04EC0-301F-11D3-BF4B-00C04F79EFBC}") = "BazarRosario", "BazarRosario\BazarRosario.csproj", "{518A54FC-0A56-42BE-A1BF-C4439B1A3FEB}"
EndProject
Global
	GlobalSection(SolutionConfigurationPlatforms) = preSolution
		Debug|Any CPU = Debug|Any CPU
		Release|Any CPU = Release|Any CPU
	EndGlobalSection
	GlobalSection(ProjectConfigurationPlatforms) = postSolution
		{518A54FC-0A56-42BE-A1BF-C4439B1A3FEB}.Debug|Any CPU.ActiveCfg = Debug|Any CPU
		{518A54FC-0A56-42BE-A1BF-C4439B1A3FEB}.Debug|Any CPU.Build.0 = Debug|Any CPU
		{518A54FC-0A56-42BE-A1BF-C4439B1A3FEB}.Debug|Any CPU.Deploy.0 = Debug|Any CPU
		{518A54FC-0A56-42BE-A1BF-C4439B1A3FEB}.Release|Any CPU.ActiveCfg = Release|Any CPU
		{518A54FC-0A56-42BE-A1BF-C4439B1A3FEB}.Release|Any CPU.Build.0 = Release|Any CPU
		{518A54FC-0A56-42BE-A1BF-C4439B1A3FEB}.Release|Any CPU.Deploy.0 = Release|Any CPU
	EndGlobalSection
	GlobalSection(SolutionProperties) = preSolution
		HideSolutionNode = FALSE
	EndGlobalSection
	GlobalSection(ExtensibilityGlobals) = postSolution
		SolutionGuid = {7940473B-430F-4C74-A02C-E86D5BEBABC7}
	EndGlobalSection
EndGlobal
